{
  "version": "1.0.0",
  "lockfileVersion": 1,
  "generatedAt": "1771281055",
  "packages": {
    "bunfig@^0.15.6": {
      "name": "bunfig",
      "version": "^0.15.6",
      "source": "pkgx"
    },
    "ts-watches@link:ts-watches": {
      "name": "ts-watches",
      "version": "link:ts-watches",
      "source": "pkgx"
    }
  }
}
